// !$*UTF8*$!
{
	archiveVersion = 1;
	classes = {
	};
	objectVersion = 46;
	objects = {

/* Begin PBXBuildFile section */
		584C4DE51ED437D0002C48C9 /* main.m in Sources */ = {isa = PBXBuildFile; fileRef = 584C4DE41ED437D0002C48C9 /* main.m */; };
		584C4DE81ED437D0002C48C9 /* AppDelegate.m in Sources */ = {isa = PBXBuildFile; fileRef = 584C4DE71ED437D0002C48C9 /* AppDelegate.m */; };
		584C4DEB1ED437D0002C48C9 /* ViewController.m in Sources */ = {isa = PBXBuildFile; fileRef = 584C4DEA1ED437D0002C48C9 /* ViewController.m */; };
		584C4DEE1ED437D0002C48C9 /* Main.storyboard in Resources */ = {isa = PBXBuildFile; fileRef = 584C4DEC1ED437D0002C48C9 /* Main.storyboard */; };
		584C4DF01ED437D0002C48C9 /* Assets.xcassets in Resources */ = {isa = PBXBuildFile; fileRef = 584C4DEF1ED437D0002C48C9 /* Assets.xcassets */; };
		584C4DF31ED437D0002C48C9 /* LaunchScreen.storyboard in Resources */ = {isa = PBXBuildFile; fileRef = 584C4DF11ED437D0002C48C9 /* LaunchScreen.storyboard */; };
		584C4DFD1ED438A8002C48C9 /* DLRouter.m in Sources */ = {isa = PBXBuildFile; fileRef = 584C4DFC1ED438A8002C48C9 /* DLRouter.m */; };
		584C4E001ED43941002C48C9 /* DLRouterConfig.m in Sources */ = {isa = PBXBuildFile; fileRef = 584C4DFF1ED43941002C48C9 /* DLRouterConfig.m */; };
		584C4E031ED43D58002C48C9 /* ActionManager.m in Sources */ = {isa = PBXBuildFile; fileRef = 584C4E021ED43D58002C48C9 /* ActionManager.m */; };
		584C4E071ED43E74002C48C9 /* TestViewController_1.m in Sources */ = {isa = PBXBuildFile; fileRef = 584C4E061ED43E74002C48C9 /* TestViewController_1.m */; };
		58B8D4181EEE9B430001F173 /* TestViewController_2.m in Sources */ = {isa = PBXBuildFile; fileRef = 58B8D4171EEE9B430001F173 /* TestViewController_2.m */; };
		58B8D41B1EEEA0850001F173 /* TestViewController_3.m in Sources */ = {isa = PBXBuildFile; fileRef = 58B8D41A1EEEA0850001F173 /* TestViewController_3.m */; };
		58B8D41E1EEFB8E70001F173 /* DLJsonFileHandler.m in Sources */ = {isa = PBXBuildFile; fileRef = 58B8D41D1EEFB8E70001F173 /* DLJsonFileHandler.m */; };
		58B8D4201EEFC3580001F173 /* modules.json in Resources */ = {isa = PBXBuildFile; fileRef = 58B8D41F1EEFC3580001F173 /* modules.json */; };
		58B8D4271EEFCEAB0001F173 /* TestViewController_4.m in Sources */ = {isa = PBXBuildFile; fileRef = 58B8D4261EEFCEAB0001F173 /* TestViewController_4.m */; };
		58B8D42A1EEFD0DB0001F173 /* TestViewController_5.m in Sources */ = {isa = PBXBuildFile; fileRef = 58B8D4291EEFD0DB0001F173 /* TestViewController_5.m */; };
/* End PBXBuildFile section */

/* Begin PBXFileReference section */
		584C4DE01ED437D0002C48C9 /* DLRouter-Example.app */ = {isa = PBXFileReference; explicitFileType = wrapper.application; includeInIndex = 0; path = "DLRouter-Example.app"; sourceTree = BUILT_PRODUCTS_DIR; };
		584C4DE41ED437D0002C48C9 /* main.m */ = {isa = PBXFileReference; lastKnownFileType = sourcecode.c.objc; path = main.m; sourceTree = "<group>"; };
		584C4DE61ED437D0002C48C9 /* AppDelegate.h */ = {isa = PBXFileReference; lastKnownFileType = sourcecode.c.h; path = AppDelegate.h; sourceTree = "<group>"; };
		584C4DE71ED437D0002C48C9 /* AppDelegate.m */ = {isa = PBXFileReference; lastKnownFileType = sourcecode.c.objc; path = AppDelegate.m; sourceTree = "<group>"; };
		584C4DE91ED437D0002C48C9 /* ViewController.h */ = {isa = PBXFileReference; lastKnownFileType = sourcecode.c.h; path = ViewController.h; sourceTree = "<group>"; };
		584C4DEA1ED437D0002C48C9 /* ViewController.m */ = {isa = PBXFileReference; lastKnownFileType = sourcecode.c.objc; path = ViewController.m; sourceTree = "<group>"; };
		584C4DED1ED437D0002C48C9 /* Base */ = {isa = PBXFileReference; lastKnownFileType = file.storyboard; name = Base; path = Base.lproj/Main.storyboard; sourceTree = "<group>"; };
		584C4DEF1ED437D0002C48C9 /* Assets.xcassets */ = {isa = PBXFileReference; lastKnownFileType = folder.assetcatalog; path = Assets.xcassets; sourceTree = "<group>"; };
		584C4DF21ED437D0002C48C9 /* Base */ = {isa = PBXFileReference; lastKnownFileType = file.storyboard; name = Base; path = Base.lproj/LaunchScreen.storyboard; sourceTree = "<group>"; };
		584C4DF41ED437D0002C48C9 /* Info.plist */ = {isa = PBXFileReference; lastKnownFileType = text.plist.xml; path = Info.plist; sourceTree = "<group>"; };
		584C4DFB1ED438A8002C48C9 /* DLRouter.h */ = {isa = PBXFileReference; fileEncoding = 4; lastKnownFileType = sourcecode.c.h; path = DLRouter.h; sourceTree = "<group>"; };
		584C4DFC1ED438A8002C48C9 /* DLRouter.m */ = {isa = PBXFileReference; fileEncoding = 4; lastKnownFileType = sourcecode.c.objc; path = DLRouter.m; sourceTree = "<group>"; };
		584C4DFE1ED43941002C48C9 /* DLRouterConfig.h */ = {isa = PBXFileReference; fileEncoding = 4; lastKnownFileType = sourcecode.c.h; path = DLRouterConfig.h; sourceTree = "<group>"; };
		584C4DFF1ED43941002C48C9 /* DLRouterConfig.m */ = {isa = PBXFileReference; fileEncoding = 4; lastKnownFileType = sourcecode.c.objc; path = DLRouterConfig.m; sourceTree = "<group>"; };
		584C4E011ED43D58002C48C9 /* ActionManager.h */ = {isa = PBXFileReference; fileEncoding = 4; lastKnownFileType = sourcecode.c.h; path = ActionManager.h; sourceTree = "<group>"; };
		584C4E021ED43D58002C48C9 /* ActionManager.m */ = {isa = PBXFileReference; fileEncoding = 4; lastKnownFileType = sourcecode.c.objc; path = ActionManager.m; sourceTree = "<group>"; };
		584C4E051ED43E74002C48C9 /* TestViewController_1.h */ = {isa = PBXFileReference; fileEncoding = 4; lastKnownFileType = sourcecode.c.h; path = TestViewController_1.h; sourceTree = "<group>"; };
		584C4E061ED43E74002C48C9 /* TestViewController_1.m */ = {isa = PBXFileReference; fileEncoding = 4; lastKnownFileType = sourcecode.c.objc; path = TestViewController_1.m; sourceTree = "<group>"; };
		58B8D4161EEE9B430001F173 /* TestViewController_2.h */ = {isa = PBXFileReference; fileEncoding = 4; lastKnownFileType = sourcecode.c.h; path = TestViewController_2.h; sourceTree = "<group>"; };
		58B8D4171EEE9B430001F173 /* TestViewController_2.m */ = {isa = PBXFileReference; fileEncoding = 4; lastKnownFileType = sourcecode.c.objc; path = TestViewController_2.m; sourceTree = "<group>"; };
		58B8D4191EEEA0850001F173 /* TestViewController_3.h */ = {isa = PBXFileReference; fileEncoding = 4; lastKnownFileType = sourcecode.c.h; path = TestViewController_3.h; sourceTree = "<group>"; };
		58B8D41A1EEEA0850001F173 /* TestViewController_3.m */ = {isa = PBXFileReference; fileEncoding = 4; lastKnownFileType = sourcecode.c.objc; path = TestViewController_3.m; sourceTree = "<group>"; };
		58B8D41C1EEFB8E70001F173 /* DLJsonFileHandler.h */ = {isa = PBXFileReference; fileEncoding = 4; lastKnownFileType = sourcecode.c.h; path = DLJsonFileHandler.h; sourceTree = "<group>"; };
		58B8D41D1EEFB8E70001F173 /* DLJsonFileHandler.m */ = {isa = PBXFileReference; fileEncoding = 4; lastKnownFileType = sourcecode.c.objc; path = DLJsonFileHandler.m; sourceTree = "<group>"; };
		58B8D41F1EEFC3580001F173 /* modules.json */ = {isa = PBXFileReference; fileEncoding = 4; lastKnownFileType = text.json; path = modules.json; sourceTree = "<group>"; };
		58B8D4251EEFCEAB0001F173 /* TestViewController_4.h */ = {isa = PBXFileReference; fileEncoding = 4; lastKnownFileType = sourcecode.c.h; path = TestViewController_4.h; sourceTree = "<group>"; };
		58B8D4261EEFCEAB0001F173 /* TestViewController_4.m */ = {isa = PBXFileReference; fileEncoding = 4; lastKnownFileType = sourcecode.c.objc; path = TestViewController_4.m; sourceTree = "<group>"; };
		58B8D4281EEFD0DB0001F173 /* TestViewController_5.h */ = {isa = PBXFileReference; fileEncoding = 4; lastKnownFileType = sourcecode.c.h; path = TestViewController_5.h; sourceTree = "<group>"; };
		58B8D4291EEFD0DB0001F173 /* TestViewController_5.m */ = {isa = PBXFileReference; fileEncoding = 4; lastKnownFileType = sourcecode.c.objc; path = TestViewController_5.m; sourceTree = "<group>"; };
/* End PBXFileReference section */

/* Begin PBXFrameworksBuildPhase section */
		584C4DDD1ED437D0002C48C9 /* Frameworks */ = {
			isa = PBXFrameworksBuildPhase;
			buildActionMask = 2147483647;
			files = (
			);
			runOnlyForDeploymentPostprocessing = 0;
		};
/* End PBXFrameworksBuildPhase section */

/* Begin PBXGroup section */
		584C4DD71ED437D0002C48C9 = {
			isa = PBXGroup;
			children = (
				584C4DFA1ED43878002C48C9 /* DLRouter */,
				584C4E041ED43E1F002C48C9 /* Classes */,
				584C4DE21ED437D0002C48C9 /* DLRouter-Example */,
				584C4DE11ED437D0002C48C9 /* Products */,
			);
			sourceTree = "<group>";
		};
		584C4DE11ED437D0002C48C9 /* Products */ = {
			isa = PBXGroup;
			children = (
				584C4DE01ED437D0002C48C9 /* DLRouter-Example.app */,
			);
			name = Products;
			sourceTree = "<group>";
		};
		584C4DE21ED437D0002C48C9 /* DLRouter-Example */ = {
			isa = PBXGroup;
			children = (
				58B8D41F1EEFC3580001F173 /* modules.json */,
				584C4DE61ED437D0002C48C9 /* AppDelegate.h */,
				584C4DE71ED437D0002C48C9 /* AppDelegate.m */,
				584C4DE91ED437D0002C48C9 /* ViewController.h */,
				584C4DEA1ED437D0002C48C9 /* ViewController.m */,
				584C4DEC1ED437D0002C48C9 /* Main.storyboard */,
				584C4DEF1ED437D0002C48C9 /* Assets.xcassets */,
				584C4DF11ED437D0002C48C9 /* LaunchScreen.storyboard */,
				584C4DF41ED437D0002C48C9 /* Info.plist */,
				584C4DE31ED437D0002C48C9 /* Supporting Files */,
				584C4E011ED43D58002C48C9 /* ActionManager.h */,
				584C4E021ED43D58002C48C9 /* ActionManager.m */,
			);
			path = "DLRouter-Example";
			sourceTree = "<group>";
		};
		584C4DE31ED437D0002C48C9 /* Supporting Files */ = {
			isa = PBXGroup;
			children = (
				584C4DE41ED437D0002C48C9 /* main.m */,
			);
			name = "Supporting Files";
			sourceTree = "<group>";
		};
		584C4DFA1ED43878002C48C9 /* DLRouter */ = {
			isa = PBXGroup;
			children = (
				584C4DFB1ED438A8002C48C9 /* DLRouter.h */,
				584C4DFC1ED438A8002C48C9 /* DLRouter.m */,
				584C4DFE1ED43941002C48C9 /* DLRouterConfig.h */,
				584C4DFF1ED43941002C48C9 /* DLRouterConfig.m */,
				58B8D41C1EEFB8E70001F173 /* DLJsonFileHandler.h */,
				58B8D41D1EEFB8E70001F173 /* DLJsonFileHandler.m */,
			);
			path = DLRouter;
			sourceTree = "<group>";
		};
		584C4E041ED43E1F002C48C9 /* Classes */ = {
			isa = PBXGroup;
			children = (
				58B8D4281EEFD0DB0001F173 /* TestViewController_5.h */,
				58B8D4291EEFD0DB0001F173 /* TestViewController_5.m */,
				584C4E051ED43E74002C48C9 /* TestViewController_1.h */,
				584C4E061ED43E74002C48C9 /* TestViewController_1.m */,
				58B8D4161EEE9B430001F173 /* TestViewController_2.h */,
				58B8D4171EEE9B430001F173 /* TestViewController_2.m */,
				58B8D4191EEEA0850001F173 /* TestViewController_3.h */,
				58B8D41A1EEEA0850001F173 /* TestViewController_3.m */,
				58B8D4251EEFCEAB0001F173 /* TestViewController_4.h */,
				58B8D4261EEFCEAB0001F173 /* TestViewController_4.m */,
			);
			path = Classes;
			sourceTree = "<group>";
		};
/* End PBXGroup section */

/* Begin PBXNativeTarget section */
		584C4DDF1ED437D0002C48C9 /* DLRouter-Example */ = {
			isa = PBXNativeTarget;
			buildConfigurationList = 584C4DF71ED437D0002C48C9 /* Build configuration list for PBXNativeTarget "DLRouter-Example" */;
			buildPhases = (
				584C4DDC1ED437D0002C48C9 /* Sources */,
				584C4DDD1ED437D0002C48C9 /* Frameworks */,
				584C4DDE1ED437D0002C48C9 /* Resources */,
			);
			buildRules = (
			);
			dependencies = (
			);
			name = "DLRouter-Example";
			productName = "DLRouter-Example";
			productReference = 584C4DE01ED437D0002C48C9 /* DLRouter-Example.app */;
			productType = "com.apple.product-type.application";
		};
/* End PBXNativeTarget section */

/* Begin PBXProject section */
		584C4DD81ED437D0002C48C9 /* Project object */ = {
			isa = PBXProject;
			attributes = {
				LastUpgradeCheck = 0830;
				ORGANIZATIONNAME = ice;
				TargetAttributes = {
					584C4DDF1ED437D0002C48C9 = {
						CreatedOnToolsVersion = 8.3.2;
						DevelopmentTeam = UH63RWQD5Z;
						ProvisioningStyle = Automatic;
					};
				};
			};
			buildConfigurationList = 584C4DDB1ED437D0002C48C9 /* Build configuration list for PBXProject "DLRouter-Example" */;
			compatibilityVersion = "Xcode 3.2";
			developmentRegion = English;
			hasScannedForEncodings = 0;
			knownRegions = (
				en,
				Base,
			);
			mainGroup = 584C4DD71ED437D0002C48C9;
			productRefGroup = 584C4DE11ED437D0002C48C9 /* Products */;
			projectDirPath = "";
			projectRoot = "";
			targets = (
				584C4DDF1ED437D0002C48C9 /* DLRouter-Example */,
			);
		};
/* End PBXProject section */

/* Begin PBXResourcesBuildPhase section */
		584C4DDE1ED437D0002C48C9 /* Resources */ = {
			isa = PBXResourcesBuildPhase;
			buildActionMask = 2147483647;
			files = (
				584C4DF31ED437D0002C48C9 /* LaunchScreen.storyboard in Resources */,
				58B8D4201EEFC3580001F173 /* modules.json in Resources */,
				584C4DF01ED437D0002C48C9 /* Assets.xcassets in Resources */,
				584C4DEE1ED437D0002C48C9 /* Main.storyboard in Resources */,
			);
			runOnlyForDeploymentPostprocessing = 0;
		};
/* End PBXResourcesBuildPhase section */

/* Begin PBXSourcesBuildPhase section */
		584C4DDC1ED437D0002C48C9 /* Sources */ = {
			isa = PBXSourcesBuildPhase;
			buildActionMask = 2147483647;
			files = (
				58B8D41E1EEFB8E70001F173 /* DLJsonFileHandler.m in Sources */,
				584C4DEB1ED437D0002C48C9 /* ViewController.m in Sources */,
				58B8D41B1EEEA0850001F173 /* TestViewController_3.m in Sources */,
				58B8D4181EEE9B430001F173 /* TestViewController_2.m in Sources */,
				584C4E031ED43D58002C48C9 /* ActionManager.m in Sources */,
				584C4E071ED43E74002C48C9 /* TestViewController_1.m in Sources */,
				584C4DE81ED437D0002C48C9 /* AppDelegate.m in Sources */,
				584C4DFD1ED438A8002C48C9 /* DLRouter.m in Sources */,
				58B8D42A1EEFD0DB0001F173 /* TestViewController_5.m in Sources */,
				584C4DE51ED437D0002C48C9 /* main.m in Sources */,
				584C4E001ED43941002C48C9 /* DLRouterConfig.m in Sources */,
				58B8D4271EEFCEAB0001F173 /* TestViewController_4.m in Sources */,
			);
			runOnlyForDeploymentPostprocessing = 0;
		};
/* End PBXSourcesBuildPhase section */

/* Begin PBXVariantGroup section */
		584C4DEC1ED437D0002C48C9 /* Main.storyboard */ = {
			isa = PBXVariantGroup;
			children = (
				584C4DED1ED437D0002C48C9 /* Base */,
			);
			name = Main.storyboard;
			sourceTree = "<group>";
		};
		584C4DF11ED437D0002C48C9 /* LaunchScreen.storyboard */ = {
			isa = PBXVariantGroup;
			children = (
				584C4DF21ED437D0002C48C9 /* Base */,
			);
			name = LaunchScreen.storyboard;
			sourceTree = "<group>";
		};
/* End PBXVariantGroup section */

/* Begin XCBuildConfiguration section */
		584C4DF51ED437D0002C48C9 /* Debug */ = {
			isa = XCBuildConfiguration;
			buildSettings = {
				ALWAYS_SEARCH_USER_PATHS = NO;
				CLANG_ANALYZER_NONNULL = YES;
				CLANG_ANALYZER_NUMBER_OBJECT_CONVERSION = YES_AGGRESSIVE;
				CLANG_CXX_LANGUAGE_STANDARD = "gnu++0x";
				CLANG_CXX_LIBRARY = "libc++";
				CLANG_ENABLE_MODULES = YES;
				CLANG_ENABLE_OBJC_ARC = YES;
				CLANG_WARN_BOOL_CONVERSION = YES;
				CLANG_WARN_CONSTANT_CONVERSION = YES;
				CLANG_WARN_DIRECT_OBJC_ISA_USAGE = YES_ERROR;
				CLANG_WARN_DOCUMENTATION_COMMENTS = YES;
				CLANG_WARN_EMPTY_BODY = YES;
				CLANG_WARN_ENUM_CONVERSION = YES;
				CLANG_WARN_INFINITE_RECURSION = YES;
				CLANG_WARN_INT_CONVERSION = YES;
				CLANG_WARN_OBJC_ROOT_CLASS = YES_ERROR;
				CLANG_WARN_SUSPICIOUS_MOVE = YES;
				CLANG_WARN_UNREACHABLE_CODE = YES;
				CLANG_WARN__DUPLICATE_METHOD_MATCH = YES;
				"CODE_SIGN_IDENTITY[sdk=iphoneos*]" = "iPhone Developer";
				COPY_PHASE_STRIP = NO;
				DEBUG_INFORMATION_FORMAT = dwarf;
				ENABLE_STRICT_OBJC_MSGSEND = YES;
				ENABLE_TESTABILITY = YES;
				GCC_C_LANGUAGE_STANDARD = gnu99;
				GCC_DYNAMIC_NO_PIC = NO;
				GCC_NO_COMMON_BLOCKS = YES;
				GCC_OPTIMIZATION_LEVEL = 0;
				GCC_PREPROCESSOR_DEFINITIONS = (
					"DEBUG=1",
					"$(inherited)",
				);
				GCC_WARN_64_TO_32_BIT_CONVERSION = YES;
				GCC_WARN_ABOUT_RETURN_TYPE = YES_ERROR;
				GCC_WARN_UNDECLARED_SELECTOR = YES;
				GCC_WARN_UNINITIALIZED_AUTOS = YES_AGGRESSIVE;
				GCC_WARN_UNUSED_FUNCTION = YES;
				GCC_WARN_UNUSED_VARIABLE = YES;
				IPHONEOS_DEPLOYMENT_TARGET = 10.3;
				MTL_ENABLE_DEBUG_INFO = YES;
				ONLY_ACTIVE_ARCH = YES;
				SDKROOT = iphoneos;
				TARGETED_DEVICE_FAMILY = "1,2";
			};
			name = Debug;
		};
		584C4DF61ED437D0002C48C9 /* Release */ = {
			isa = XCBuildConfiguration;
			buildSettings = {
				ALWAYS_SEARCH_USER_PATHS = NO;
				CLANG_ANALYZER_NONNULL = YES;
				CLANG_ANALYZER_NUMBER_OBJECT_CONVERSION = YES_AGGRESSIVE;
				CLANG_CXX_LANGUAGE_STANDARD = "gnu++0x";
				CLANG_CXX_LIBRARY = "libc++";
				CLANG_ENABLE_MODULES = YES;
				CLANG_ENABLE_OBJC_ARC = YES;
				CLANG_WARN_BOOL_CONVERSION = YES;
				CLANG_WARN_CONSTANT_CONVERSION = YES;
				CLANG_WARN_DIRECT_OBJC_ISA_USAGE = YES_ERROR;
				CLANG_WARN_DOCUMENTATION_COMMENTS = YES;
				CLANG_WARN_EMPTY_BODY = YES;
				CLANG_WARN_ENUM_CONVERSION = YES;
				CLANG_WARN_INFINITE_RECURSION = YES;
				CLANG_WARN_INT_CONVERSION = YES;
				CLANG_WARN_OBJC_ROOT_CLASS = YES_ERROR;
				CLANG_WARN_SUSPICIOUS_MOVE = YES;
				CLANG_WARN_UNREACHABLE_CODE = YES;
				CLANG_WARN__DUPLICATE_METHOD_MATCH = YES;
				"CODE_SIGN_IDENTITY[sdk=iphoneos*]" = "iPhone Developer";
				COPY_PHASE_STRIP = NO;
				DEBUG_INFORMATION_FORMAT = "dwarf-with-dsym";
				ENABLE_NS_ASSERTIONS = NO;
				ENABLE_STRICT_OBJC_MSGSEND = YES;
				GCC_C_LANGUAGE_STANDARD = gnu99;
				GCC_NO_COMMON_BLOCKS = YES;
				GCC_WARN_64_TO_32_BIT_CONVERSION = YES;
				GCC_WARN_ABOUT_RETURN_TYPE = YES_ERROR;
				GCC_WARN_UNDECLARED_SELECTOR = YES;
				GCC_WARN_UNINITIALIZED_AUTOS = YES_AGGRESSIVE;
				GCC_WARN_UNUSED_FUNCTION = YES;
				GCC_WARN_UNUSED_VARIABLE = YES;
				IPHONEOS_DEPLOYMENT_TARGET = 10.3;
				MTL_ENABLE_DEBUG_INFO = NO;
				SDKROOT = iphoneos;
				TARGETED_DEVICE_FAMILY = "1,2";
				VALIDATE_PRODUCT = YES;
			};
			name = Release;
		};
		584C4DF81ED437D0002C48C9 /* Debug */ = {
			isa = XCBuildConfiguration;
			buildSettings = {
				ASSETCATALOG_COMPILER_APPICON_NAME = AppIcon;
				DEVELOPMENT_TEAM = UH63RWQD5Z;
				EXECUTABLE_PREFIX = "";
				INFOPLIST_FILE = "DLRouter-Example/Info.plist";
				IPHONEOS_DEPLOYMENT_TARGET = 8.0;
				LD_RUNPATH_SEARCH_PATHS = "$(inherited) @executable_path/Frameworks";
				PRODUCT_BUNDLE_IDENTIFIER = com.ice112;
				PRODUCT_NAME = "$(TARGET_NAME)";
			};
			name = Debug;
		};
		584C4DF91ED437D0002C48C9 /* Release */ = {
			isa = XCBuildConfiguration;
			buildSettings = {
				ASSETCATALOG_COMPILER_APPICON_NAME = AppIcon;
				DEVELOPMENT_TEAM = UH63RWQD5Z;
				EXECUTABLE_PREFIX = "";
				INFOPLIST_FILE = "DLRouter-Example/Info.plist";
				IPHONEOS_DEPLOYMENT_TARGET = 8.0;
				LD_RUNPATH_SEARCH_PATHS = "$(inherited) @executable_path/Frameworks";
				PRODUCT_BUNDLE_IDENTIFIER = com.ice112;
				PRODUCT_NAME = "$(TARGET_NAME)";
			};
			name = Release;
		};
/* End XCBuildConfiguration section */

/* Begin XCConfigurationList section */
		584C4DDB1ED437D0002C48C9 /* Build configuration list for PBXProject "DLRouter-Example" */ = {
			isa = XCConfigurationList;
			buildConfigurations = (
				584C4DF51ED437D0002C48C9 /* Debug */,
				584C4DF61ED437D0002C48C9 /* Release */,
			);
			defaultConfigurationIsVisible = 0;
			defaultConfigurationName = Release;
		};
		584C4DF71ED437D0002C48C9 /* Build configuration list for PBXNativeTarget "DLRouter-Example" */ = {
			isa = XCConfigurationList;
			buildConfigurations = (
				584C4DF81ED437D0002C48C9 /* Debug */,
				584C4DF91ED437D0002C48C9 /* Release */,
			);
			defaultConfigurationIsVisible = 0;
			defaultConfigurationName = Release;
		};
/* End XCConfigurationList section */
	};
	rootObject = 584C4DD81ED437D0002C48C9 /* Project object */;
}
