// !$*UTF8*$!
{
	archiveVersion = 1;
	classes = {
	};
	objectVersion = 46;
	objects = {

/* Begin PBXAggregateTarget section */
		58DFDFE21E7BE0FA00D09792 /* Doc */ = {
			isa = PBXAggregateTarget;
			buildConfigurationList = 58DFDFE31E7BE0FA00D09792 /* Build configuration list for PBXAggregateTarget "Doc" */;
			buildPhases = (
				58DFDFE61E7BE10200D09792 /* ShellScript */,
			);
			dependencies = (
			);
			name = Doc;
			productName = Doc;
		};
/* End PBXAggregateTarget section */

/* Begin PBXBuildFile section */
		58DFDF851E7BC25A00D09792 /* main.m in Sources */ = {isa = PBXBuildFile; fileRef = 58DFDF841E7BC25A00D09792 /* main.m */; };
		58DFDF881E7BC25A00D09792 /* AppDelegate.m in Sources */ = {isa = PBXBuildFile; fileRef = 58DFDF871E7BC25A00D09792 /* AppDelegate.m */; };
		58DFDF8B1E7BC25A00D09792 /* ViewController.m in Sources */ = {isa = PBXBuildFile; fileRef = 58DFDF8A1E7BC25A00D09792 /* ViewController.m */; };
		58DFDF8E1E7BC25A00D09792 /* Main.storyboard in Resources */ = {isa = PBXBuildFile; fileRef = 58DFDF8C1E7BC25A00D09792 /* Main.storyboard */; };
		58DFDF901E7BC25A00D09792 /* Assets.xcassets in Resources */ = {isa = PBXBuildFile; fileRef = 58DFDF8F1E7BC25A00D09792 /* Assets.xcassets */; };
		58DFDF931E7BC25A00D09792 /* LaunchScreen.storyboard in Resources */ = {isa = PBXBuildFile; fileRef = 58DFDF911E7BC25A00D09792 /* LaunchScreen.storyboard */; };
		58DFDFA21E7BC30500D09792 /* UIApplication+Extern.m in Sources */ = {isa = PBXBuildFile; fileRef = 58DFDF9C1E7BC30500D09792 /* UIApplication+Extern.m */; };
		58DFDFA51E7BC31500D09792 /* MobileCoreServices.framework in Frameworks */ = {isa = PBXBuildFile; fileRef = 58DFDFA41E7BC31500D09792 /* MobileCoreServices.framework */; };
		58DFDFAE1E7BC80F00D09792 /* Security.framework in Frameworks */ = {isa = PBXBuildFile; fileRef = 58DFDFAD1E7BC80F00D09792 /* Security.framework */; };
/* End PBXBuildFile section */

/* Begin PBXFileReference section */
		58DFDF801E7BC25A00D09792 /* ScanIOSApp.app */ = {isa = PBXFileReference; explicitFileType = wrapper.application; includeInIndex = 0; path = ScanIOSApp.app; sourceTree = BUILT_PRODUCTS_DIR; };
		58DFDF841E7BC25A00D09792 /* main.m */ = {isa = PBXFileReference; lastKnownFileType = sourcecode.c.objc; path = main.m; sourceTree = "<group>"; };
		58DFDF861E7BC25A00D09792 /* AppDelegate.h */ = {isa = PBXFileReference; lastKnownFileType = sourcecode.c.h; path = AppDelegate.h; sourceTree = "<group>"; };
		58DFDF871E7BC25A00D09792 /* AppDelegate.m */ = {isa = PBXFileReference; lastKnownFileType = sourcecode.c.objc; path = AppDelegate.m; sourceTree = "<group>"; };
		58DFDF891E7BC25A00D09792 /* ViewController.h */ = {isa = PBXFileReference; lastKnownFileType = sourcecode.c.h; path = ViewController.h; sourceTree = "<group>"; };
		58DFDF8A1E7BC25A00D09792 /* ViewController.m */ = {isa = PBXFileReference; lastKnownFileType = sourcecode.c.objc; path = ViewController.m; sourceTree = "<group>"; };
		58DFDF8D1E7BC25A00D09792 /* Base */ = {isa = PBXFileReference; lastKnownFileType = file.storyboard; name = Base; path = Base.lproj/Main.storyboard; sourceTree = "<group>"; };
		58DFDF8F1E7BC25A00D09792 /* Assets.xcassets */ = {isa = PBXFileReference; lastKnownFileType = folder.assetcatalog; path = Assets.xcassets; sourceTree = "<group>"; };
		58DFDF921E7BC25A00D09792 /* Base */ = {isa = PBXFileReference; lastKnownFileType = file.storyboard; name = Base; path = Base.lproj/LaunchScreen.storyboard; sourceTree = "<group>"; };
		58DFDF941E7BC25A00D09792 /* Info.plist */ = {isa = PBXFileReference; lastKnownFileType = text.plist.xml; path = Info.plist; sourceTree = "<group>"; };
		58DFDF9B1E7BC30500D09792 /* UIApplication+Extern.h */ = {isa = PBXFileReference; fileEncoding = 4; lastKnownFileType = sourcecode.c.h; path = "UIApplication+Extern.h"; sourceTree = "<group>"; };
		58DFDF9C1E7BC30500D09792 /* UIApplication+Extern.m */ = {isa = PBXFileReference; fileEncoding = 4; lastKnownFileType = sourcecode.c.objc; path = "UIApplication+Extern.m"; sourceTree = "<group>"; };
		58DFDF9E1E7BC30500D09792 /* LSApplicationProxy.h */ = {isa = PBXFileReference; fileEncoding = 4; lastKnownFileType = sourcecode.c.h; path = LSApplicationProxy.h; sourceTree = "<group>"; };
		58DFDF9F1E7BC30500D09792 /* LSApplicationWorkspace.h */ = {isa = PBXFileReference; fileEncoding = 4; lastKnownFileType = sourcecode.c.h; path = LSApplicationWorkspace.h; sourceTree = "<group>"; };
		58DFDFA01E7BC30500D09792 /* LSBundleProxy.h */ = {isa = PBXFileReference; fileEncoding = 4; lastKnownFileType = sourcecode.c.h; path = LSBundleProxy.h; sourceTree = "<group>"; };
		58DFDFA11E7BC30500D09792 /* LSResourceProxy.h */ = {isa = PBXFileReference; fileEncoding = 4; lastKnownFileType = sourcecode.c.h; path = LSResourceProxy.h; sourceTree = "<group>"; };
		58DFDFA41E7BC31500D09792 /* MobileCoreServices.framework */ = {isa = PBXFileReference; lastKnownFileType = wrapper.framework; name = MobileCoreServices.framework; path = System/Library/Frameworks/MobileCoreServices.framework; sourceTree = SDKROOT; };
		58DFDFAD1E7BC80F00D09792 /* Security.framework */ = {isa = PBXFileReference; lastKnownFileType = wrapper.framework; name = Security.framework; path = System/Library/Frameworks/Security.framework; sourceTree = SDKROOT; };
		58E085391F1387ED00314EA7 /* ScanIOSApp.entitlements */ = {isa = PBXFileReference; fileEncoding = 4; lastKnownFileType = text.plist.entitlements; path = ScanIOSApp.entitlements; sourceTree = "<group>"; };
/* End PBXFileReference section */

/* Begin PBXFrameworksBuildPhase section */
		58DFDF7D1E7BC25A00D09792 /* Frameworks */ = {
			isa = PBXFrameworksBuildPhase;
			buildActionMask = 2147483647;
			files = (
				58DFDFAE1E7BC80F00D09792 /* Security.framework in Frameworks */,
				58DFDFA51E7BC31500D09792 /* MobileCoreServices.framework in Frameworks */,
			);
			runOnlyForDeploymentPostprocessing = 0;
		};
/* End PBXFrameworksBuildPhase section */

/* Begin PBXGroup section */
		58DFDF771E7BC25A00D09792 = {
			isa = PBXGroup;
			children = (
				58DFDF9A1E7BC30500D09792 /* Classes */,
				58DFDF9D1E7BC30500D09792 /* LSApp */,
				58DFDF821E7BC25A00D09792 /* ScanIOSApp */,
				58DFDF811E7BC25A00D09792 /* Products */,
				58DFDFA31E7BC31500D09792 /* Frameworks */,
			);
			sourceTree = "<group>";
		};
		58DFDF811E7BC25A00D09792 /* Products */ = {
			isa = PBXGroup;
			children = (
				58DFDF801E7BC25A00D09792 /* ScanIOSApp.app */,
			);
			name = Products;
			sourceTree = "<group>";
		};
		58DFDF821E7BC25A00D09792 /* ScanIOSApp */ = {
			isa = PBXGroup;
			children = (
				58DFDF861E7BC25A00D09792 /* AppDelegate.h */,
				58DFDF871E7BC25A00D09792 /* AppDelegate.m */,
				58DFDF891E7BC25A00D09792 /* ViewController.h */,
				58DFDF8A1E7BC25A00D09792 /* ViewController.m */,
				58DFDF8C1E7BC25A00D09792 /* Main.storyboard */,
				58DFDF8F1E7BC25A00D09792 /* Assets.xcassets */,
				58DFDF911E7BC25A00D09792 /* LaunchScreen.storyboard */,
				58DFDF941E7BC25A00D09792 /* Info.plist */,
				58DFDF831E7BC25A00D09792 /* Supporting Files */,
			);
			path = ScanIOSApp;
			sourceTree = "<group>";
		};
		58DFDF831E7BC25A00D09792 /* Supporting Files */ = {
			isa = PBXGroup;
			children = (
				58E085391F1387ED00314EA7 /* ScanIOSApp.entitlements */,
				58DFDF841E7BC25A00D09792 /* main.m */,
			);
			name = "Supporting Files";
			sourceTree = "<group>";
		};
		58DFDF9A1E7BC30500D09792 /* Classes */ = {
			isa = PBXGroup;
			children = (
				58DFDF9B1E7BC30500D09792 /* UIApplication+Extern.h */,
				58DFDF9C1E7BC30500D09792 /* UIApplication+Extern.m */,
			);
			path = Classes;
			sourceTree = "<group>";
		};
		58DFDF9D1E7BC30500D09792 /* LSApp */ = {
			isa = PBXGroup;
			children = (
				58DFDF9E1E7BC30500D09792 /* LSApplicationProxy.h */,
				58DFDF9F1E7BC30500D09792 /* LSApplicationWorkspace.h */,
				58DFDFA01E7BC30500D09792 /* LSBundleProxy.h */,
				58DFDFA11E7BC30500D09792 /* LSResourceProxy.h */,
			);
			path = LSApp;
			sourceTree = "<group>";
		};
		58DFDFA31E7BC31500D09792 /* Frameworks */ = {
			isa = PBXGroup;
			children = (
				58DFDFAD1E7BC80F00D09792 /* Security.framework */,
				58DFDFA41E7BC31500D09792 /* MobileCoreServices.framework */,
			);
			name = Frameworks;
			sourceTree = "<group>";
		};
/* End PBXGroup section */

/* Begin PBXNativeTarget section */
		58DFDF7F1E7BC25A00D09792 /* ScanIOSApp */ = {
			isa = PBXNativeTarget;
			buildConfigurationList = 58DFDF971E7BC25A00D09792 /* Build configuration list for PBXNativeTarget "ScanIOSApp" */;
			buildPhases = (
				58DFDF7C1E7BC25A00D09792 /* Sources */,
				58DFDF7D1E7BC25A00D09792 /* Frameworks */,
				58DFDF7E1E7BC25A00D09792 /* Resources */,
			);
			buildRules = (
			);
			dependencies = (
			);
			name = ScanIOSApp;
			productName = ScanIOSApp;
			productReference = 58DFDF801E7BC25A00D09792 /* ScanIOSApp.app */;
			productType = "com.apple.product-type.application";
		};
/* End PBXNativeTarget section */

/* Begin PBXProject section */
		58DFDF781E7BC25A00D09792 /* Project object */ = {
			isa = PBXProject;
			attributes = {
				LastUpgradeCheck = 0820;
				ORGANIZATIONNAME = ice;
				TargetAttributes = {
					58DFDF7F1E7BC25A00D09792 = {
						CreatedOnToolsVersion = 8.2;
						DevelopmentTeam = 36HE5D7247;
						ProvisioningStyle = Automatic;
					};
					58DFDFE21E7BE0FA00D09792 = {
						CreatedOnToolsVersion = 8.2;
						DevelopmentTeam = AL3EKDF88S;
						ProvisioningStyle = Automatic;
					};
				};
			};
			buildConfigurationList = 58DFDF7B1E7BC25A00D09792 /* Build configuration list for PBXProject "ScanIOSApp" */;
			compatibilityVersion = "Xcode 3.2";
			developmentRegion = English;
			hasScannedForEncodings = 0;
			knownRegions = (
				en,
				Base,
			);
			mainGroup = 58DFDF771E7BC25A00D09792;
			productRefGroup = 58DFDF811E7BC25A00D09792 /* Products */;
			projectDirPath = "";
			projectRoot = "";
			targets = (
				58DFDF7F1E7BC25A00D09792 /* ScanIOSApp */,
				58DFDFE21E7BE0FA00D09792 /* Doc */,
			);
		};
/* End PBXProject section */

/* Begin PBXResourcesBuildPhase section */
		58DFDF7E1E7BC25A00D09792 /* Resources */ = {
			isa = PBXResourcesBuildPhase;
			buildActionMask = 2147483647;
			files = (
				58DFDF931E7BC25A00D09792 /* LaunchScreen.storyboard in Resources */,
				58DFDF901E7BC25A00D09792 /* Assets.xcassets in Resources */,
				58DFDF8E1E7BC25A00D09792 /* Main.storyboard in Resources */,
			);
			runOnlyForDeploymentPostprocessing = 0;
		};
/* End PBXResourcesBuildPhase section */

/* Begin PBXShellScriptBuildPhase section */
		58DFDFE61E7BE10200D09792 /* ShellScript */ = {
			isa = PBXShellScriptBuildPhase;
			buildActionMask = 2147483647;
			files = (
			);
			inputPaths = (
			);
			outputPaths = (
			);
			runOnlyForDeploymentPostprocessing = 0;
			shellPath = /bin/sh;
			shellScript = "#appledoc Xcode script\n# Start constants\ncompany=\"lengyi\";\ncompanyID=\"com.公司id\";\ncompanyURL=\"http://公司网址\";\ntarget=\"iphoneos\";\n#target=\"macosx\";\noutputPath=\"~/help\";\n# End constants\n/usr/local/bin/appledoc \\\n--project-name \"${PROJECT_NAME}\" \\\n--project-company \"${company}\" \\\n--company-id \"${companyID}\" \\\n--docset-atom-filename \"${company}.atom\" \\\n--docset-feed-url \"${companyURL}/${company}/%DOCSETATOMFILENAME\" \\\n--docset-package-url \"${companyURL}/${company}/%DOCSETPACKAGEFILENAME\" \\\n--docset-fallback-url \"${companyURL}/${company}\" \\\n--output \"${outputPath}\" \\\n--publish-docset \\\n--docset-platform-family \"${target}\" \\\n--logformat xcode \\\n--keep-intermediate-files \\\n--no-repeat-first-par \\\n--no-warn-invalid-crossref \\\n--exit-threshold 2 \\\n\"${PROJECT_DIR}\"";
		};
/* End PBXShellScriptBuildPhase section */

/* Begin PBXSourcesBuildPhase section */
		58DFDF7C1E7BC25A00D09792 /* Sources */ = {
			isa = PBXSourcesBuildPhase;
			buildActionMask = 2147483647;
			files = (
				58DFDFA21E7BC30500D09792 /* UIApplication+Extern.m in Sources */,
				58DFDF8B1E7BC25A00D09792 /* ViewController.m in Sources */,
				58DFDF881E7BC25A00D09792 /* AppDelegate.m in Sources */,
				58DFDF851E7BC25A00D09792 /* main.m in Sources */,
			);
			runOnlyForDeploymentPostprocessing = 0;
		};
/* End PBXSourcesBuildPhase section */

/* Begin PBXVariantGroup section */
		58DFDF8C1E7BC25A00D09792 /* Main.storyboard */ = {
			isa = PBXVariantGroup;
			children = (
				58DFDF8D1E7BC25A00D09792 /* Base */,
			);
			name = Main.storyboard;
			sourceTree = "<group>";
		};
		58DFDF911E7BC25A00D09792 /* LaunchScreen.storyboard */ = {
			isa = PBXVariantGroup;
			children = (
				58DFDF921E7BC25A00D09792 /* Base */,
			);
			name = LaunchScreen.storyboard;
			sourceTree = "<group>";
		};
/* End PBXVariantGroup section */

/* Begin XCBuildConfiguration section */
		58DFDF951E7BC25A00D09792 /* Debug */ = {
			isa = XCBuildConfiguration;
			buildSettings = {
				ALWAYS_SEARCH_USER_PATHS = NO;
				CLANG_ANALYZER_NONNULL = YES;
				CLANG_CXX_LANGUAGE_STANDARD = "gnu++0x";
				CLANG_CXX_LIBRARY = "libc++";
				CLANG_ENABLE_MODULES = YES;
				CLANG_ENABLE_OBJC_ARC = YES;
				CLANG_WARN_BOOL_CONVERSION = YES;
				CLANG_WARN_CONSTANT_CONVERSION = YES;
				CLANG_WARN_DIRECT_OBJC_ISA_USAGE = YES_ERROR;
				CLANG_WARN_DOCUMENTATION_COMMENTS = YES;
				CLANG_WARN_EMPTY_BODY = YES;
				CLANG_WARN_ENUM_CONVERSION = YES;
				CLANG_WARN_INFINITE_RECURSION = YES;
				CLANG_WARN_INT_CONVERSION = YES;
				CLANG_WARN_OBJC_ROOT_CLASS = YES_ERROR;
				CLANG_WARN_SUSPICIOUS_MOVE = YES;
				CLANG_WARN_UNREACHABLE_CODE = YES;
				CLANG_WARN__DUPLICATE_METHOD_MATCH = YES;
				"CODE_SIGN_IDENTITY[sdk=iphoneos*]" = "iPhone Developer";
				COPY_PHASE_STRIP = NO;
				DEBUG_INFORMATION_FORMAT = dwarf;
				ENABLE_STRICT_OBJC_MSGSEND = YES;
				ENABLE_TESTABILITY = YES;
				GCC_C_LANGUAGE_STANDARD = gnu99;
				GCC_DYNAMIC_NO_PIC = NO;
				GCC_NO_COMMON_BLOCKS = YES;
				GCC_OPTIMIZATION_LEVEL = 0;
				GCC_PREPROCESSOR_DEFINITIONS = (
					"DEBUG=1",
					"$(inherited)",
				);
				GCC_WARN_64_TO_32_BIT_CONVERSION = YES;
				GCC_WARN_ABOUT_RETURN_TYPE = YES_ERROR;
				GCC_WARN_UNDECLARED_SELECTOR = YES;
				GCC_WARN_UNINITIALIZED_AUTOS = YES_AGGRESSIVE;
				GCC_WARN_UNUSED_FUNCTION = YES;
				GCC_WARN_UNUSED_VARIABLE = YES;
				IPHONEOS_DEPLOYMENT_TARGET = 10.2;
				MTL_ENABLE_DEBUG_INFO = YES;
				ONLY_ACTIVE_ARCH = YES;
				SDKROOT = iphoneos;
				TARGETED_DEVICE_FAMILY = "1,2";
			};
			name = Debug;
		};
		58DFDF961E7BC25A00D09792 /* Release */ = {
			isa = XCBuildConfiguration;
			buildSettings = {
				ALWAYS_SEARCH_USER_PATHS = NO;
				CLANG_ANALYZER_NONNULL = YES;
				CLANG_CXX_LANGUAGE_STANDARD = "gnu++0x";
				CLANG_CXX_LIBRARY = "libc++";
				CLANG_ENABLE_MODULES = YES;
				CLANG_ENABLE_OBJC_ARC = YES;
				CLANG_WARN_BOOL_CONVERSION = YES;
				CLANG_WARN_CONSTANT_CONVERSION = YES;
				CLANG_WARN_DIRECT_OBJC_ISA_USAGE = YES_ERROR;
				CLANG_WARN_DOCUMENTATION_COMMENTS = YES;
				CLANG_WARN_EMPTY_BODY = YES;
				CLANG_WARN_ENUM_CONVERSION = YES;
				CLANG_WARN_INFINITE_RECURSION = YES;
				CLANG_WARN_INT_CONVERSION = YES;
				CLANG_WARN_OBJC_ROOT_CLASS = YES_ERROR;
				CLANG_WARN_SUSPICIOUS_MOVE = YES;
				CLANG_WARN_UNREACHABLE_CODE = YES;
				CLANG_WARN__DUPLICATE_METHOD_MATCH = YES;
				"CODE_SIGN_IDENTITY[sdk=iphoneos*]" = "iPhone Developer";
				COPY_PHASE_STRIP = NO;
				DEBUG_INFORMATION_FORMAT = "dwarf-with-dsym";
				ENABLE_NS_ASSERTIONS = NO;
				ENABLE_STRICT_OBJC_MSGSEND = YES;
				GCC_C_LANGUAGE_STANDARD = gnu99;
				GCC_NO_COMMON_BLOCKS = YES;
				GCC_WARN_64_TO_32_BIT_CONVERSION = YES;
				GCC_WARN_ABOUT_RETURN_TYPE = YES_ERROR;
				GCC_WARN_UNDECLARED_SELECTOR = YES;
				GCC_WARN_UNINITIALIZED_AUTOS = YES_AGGRESSIVE;
				GCC_WARN_UNUSED_FUNCTION = YES;
				GCC_WARN_UNUSED_VARIABLE = YES;
				IPHONEOS_DEPLOYMENT_TARGET = 10.2;
				MTL_ENABLE_DEBUG_INFO = NO;
				SDKROOT = iphoneos;
				TARGETED_DEVICE_FAMILY = "1,2";
				VALIDATE_PRODUCT = YES;
			};
			name = Release;
		};
		58DFDF981E7BC25A00D09792 /* Debug */ = {
			isa = XCBuildConfiguration;
			buildSettings = {
				ASSETCATALOG_COMPILER_APPICON_NAME = AppIcon;
				CODE_SIGN_ENTITLEMENTS = ScanIOSApp.entitlements;
				CODE_SIGN_IDENTITY = "iPhone Developer";
				"CODE_SIGN_IDENTITY[sdk=iphoneos*]" = "iPhone Developer";
				DEVELOPMENT_TEAM = 36HE5D7247;
				FRAMEWORK_SEARCH_PATHS = (
					"$(inherited)",
					"$(PROJECT_DIR)",
				);
				INFOPLIST_FILE = ScanIOSApp/Info.plist;
				IPHONEOS_DEPLOYMENT_TARGET = 8.0;
				LD_RUNPATH_SEARCH_PATHS = "$(inherited) @executable_path/Frameworks";
				PRODUCT_BUNDLE_IDENTIFIER = com.pa.yy;
				PRODUCT_NAME = "$(TARGET_NAME)";
				PROVISIONING_PROFILE_SPECIFIER = "";
			};
			name = Debug;
		};
		58DFDF991E7BC25A00D09792 /* Release */ = {
			isa = XCBuildConfiguration;
			buildSettings = {
				ASSETCATALOG_COMPILER_APPICON_NAME = AppIcon;
				CODE_SIGN_ENTITLEMENTS = ScanIOSApp.entitlements;
				"CODE_SIGN_IDENTITY[sdk=iphoneos*]" = "iPhone Developer";
				DEVELOPMENT_TEAM = 36HE5D7247;
				FRAMEWORK_SEARCH_PATHS = (
					"$(inherited)",
					"$(PROJECT_DIR)",
				);
				INFOPLIST_FILE = ScanIOSApp/Info.plist;
				IPHONEOS_DEPLOYMENT_TARGET = 8.0;
				LD_RUNPATH_SEARCH_PATHS = "$(inherited) @executable_path/Frameworks";
				PRODUCT_BUNDLE_IDENTIFIER = com.pa.yy;
				PRODUCT_NAME = "$(TARGET_NAME)";
				PROVISIONING_PROFILE_SPECIFIER = "";
			};
			name = Release;
		};
		58DFDFE41E7BE0FA00D09792 /* Debug */ = {
			isa = XCBuildConfiguration;
			buildSettings = {
				DEVELOPMENT_TEAM = AL3EKDF88S;
				PRODUCT_NAME = "$(TARGET_NAME)";
			};
			name = Debug;
		};
		58DFDFE51E7BE0FA00D09792 /* Release */ = {
			isa = XCBuildConfiguration;
			buildSettings = {
				DEVELOPMENT_TEAM = AL3EKDF88S;
				PRODUCT_NAME = "$(TARGET_NAME)";
			};
			name = Release;
		};
/* End XCBuildConfiguration section */

/* Begin XCConfigurationList section */
		58DFDF7B1E7BC25A00D09792 /* Build configuration list for PBXProject "ScanIOSApp" */ = {
			isa = XCConfigurationList;
			buildConfigurations = (
				58DFDF951E7BC25A00D09792 /* Debug */,
				58DFDF961E7BC25A00D09792 /* Release */,
			);
			defaultConfigurationIsVisible = 0;
			defaultConfigurationName = Release;
		};
		58DFDF971E7BC25A00D09792 /* Build configuration list for PBXNativeTarget "ScanIOSApp" */ = {
			isa = XCConfigurationList;
			buildConfigurations = (
				58DFDF981E7BC25A00D09792 /* Debug */,
				58DFDF991E7BC25A00D09792 /* Release */,
			);
			defaultConfigurationIsVisible = 0;
			defaultConfigurationName = Release;
		};
		58DFDFE31E7BE0FA00D09792 /* Build configuration list for PBXAggregateTarget "Doc" */ = {
			isa = XCConfigurationList;
			buildConfigurations = (
				58DFDFE41E7BE0FA00D09792 /* Debug */,
				58DFDFE51E7BE0FA00D09792 /* Release */,
			);
			defaultConfigurationIsVisible = 0;
			defaultConfigurationName = Release;
		};
/* End XCConfigurationList section */
	};
	rootObject = 58DFDF781E7BC25A00D09792 /* Project object */;
}
